
Microsoft Visual Studio Solution File, Format Version 12.00
# Visual Studio Version 16
VisualStudioVersion = 16.0.29509.3
MinimumVisualStudioVersion = 10.0.40219.1
Project("{FAE04EC0-301F-11D3-BF4B-00C04F79EFBC}") = "Online_Discussions_Web_API", "Online_Discussions_Web_API.csproj", "{E692BAAC-0C55-49F0-B42F-2C12E28DC5C0}"
EndProject
Global
	GlobalSection(SolutionConfigurationPlatforms) = preSolution
		Debug|Any CPU = Debug|Any CPU
		Release|Any CPU = Release|Any CPU
	EndGlobalSection
	GlobalSection(ProjectConfigurationPlatforms) = postSolution
		{E692BAAC-0C55-49F0-B42F-2C12E28DC5C0}.Debug|Any CPU.ActiveCfg = Debug|Any CPU
		{E692BAAC-0C55-49F0-B42F-2C12E28DC5C0}.Debug|Any CPU.Build.0 = Debug|Any CPU
		{E692BAAC-0C55-49F0-B42F-2C12E28DC5C0}.Release|Any CPU.ActiveCfg = Release|Any CPU
		{E692BAAC-0C55-49F0-B42F-2C12E28DC5C0}.Release|Any CPU.Build.0 = Release|Any CPU
	EndGlobalSection
	GlobalSection(SolutionProperties) = preSolution
		HideSolutionNode = FALSE
	EndGlobalSection
	GlobalSection(ExtensibilityGlobals) = postSolution
		SolutionGuid = {4FEF5CA7-F114-4A72-92C5-FEF963D7CEED}
	EndGlobalSection
EndGlobal
